
Microsoft Visual Studio Solution File, Format Version 12.00
# Visual Studio Version 16
VisualStudioVersion = 16.0.29424.173
MinimumVisualStudioVersion = 10.0.40219.1
Project("{FAE04EC0-301F-11D3-BF4B-00C04F79EFBC}") = "WebApplication5", "WebApplication5.csproj", "{21FFFF9F-0A3A-4155-8A94-10DD4FBFC35E}"
EndProject
Global
	GlobalSection(SolutionConfigurationPlatforms) = preSolution
		Debug|Any CPU = Debug|Any CPU
		Release|Any CPU = Release|Any CPU
	EndGlobalSection
	GlobalSection(ProjectConfigurationPlatforms) = postSolution
		{21FFFF9F-0A3A-4155-8A94-10DD4FBFC35E}.Debug|Any CPU.ActiveCfg = Debug|Any CPU
		{21FFFF9F-0A3A-4155-8A94-10DD4FBFC35E}.Debug|Any CPU.Build.0 = Debug|Any CPU
		{21FFFF9F-0A3A-4155-8A94-10DD4FBFC35E}.Release|Any CPU.ActiveCfg = Release|Any CPU
		{21FFFF9F-0A3A-4155-8A94-10DD4FBFC35E}.Release|Any CPU.Build.0 = Release|Any CPU
	EndGlobalSection
	GlobalSection(SolutionProperties) = preSolution
		HideSolutionNode = FALSE
	EndGlobalSection
	GlobalSection(ExtensibilityGlobals) = postSolution
		SolutionGuid = {9032DFB8-681D-4F86-A5D3-16BC34CF30D7}
	EndGlobalSection
EndGlobal
